
Microsoft Visual Studio Solution File, Format Version 12.00
# Visual Studio 15
VisualStudioVersion = 15.0.28010.2019
MinimumVisualStudioVersion = 10.0.40219.1
Project("{FAE04EC0-301F-11D3-BF4B-00C04F79EFBC}") = "CollectionSort2", "CollectionSort2\CollectionSort2.csproj", "{5F363992-40C2-4CAD-B212-E1BD430E45EC}"
EndProject
Global
	GlobalSection(SolutionConfigurationPlatforms) = preSolution
		Debug|Any CPU = Debug|Any CPU
		Release|Any CPU = Release|Any CPU
	EndGlobalSection
	GlobalSection(ProjectConfigurationPlatforms) = postSolution
		{5F363992-40C2-4CAD-B212-E1BD430E45EC}.Debug|Any CPU.ActiveCfg = Debug|Any CPU
		{5F363992-40C2-4CAD-B212-E1BD430E45EC}.Debug|Any CPU.Build.0 = Debug|Any CPU
		{5F363992-40C2-4CAD-B212-E1BD430E45EC}.Release|Any CPU.ActiveCfg = Release|Any CPU
		{5F363992-40C2-4CAD-B212-E1BD430E45EC}.Release|Any CPU.Build.0 = Release|Any CPU
	EndGlobalSection
	GlobalSection(SolutionProperties) = preSolution
		HideSolutionNode = FALSE
	EndGlobalSection
	GlobalSection(ExtensibilityGlobals) = postSolution
		SolutionGuid = {7D8DC49C-DD32-4D65-9376-E84F90E1AD76}
	EndGlobalSection
EndGlobal
